
Microsoft Visual Studio Solution File, Format Version 12.00
# Visual Studio 15
VisualStudioVersion = 15.0.28307.852
MinimumVisualStudioVersion = 10.0.40219.1
Project("{FAE04EC0-301F-11D3-BF4B-00C04F79EFBC}") = "Controle de Estoque", "Controle de Estoque\Controle de Estoque.csproj", "{20197F05-6491-439E-B902-AE93621348E4}"
EndProject
Global
	GlobalSection(SolutionConfigurationPlatforms) = preSolution
		Debug|Any CPU = Debug|Any CPU
		Release|Any CPU = Release|Any CPU
	EndGlobalSection
	GlobalSection(ProjectConfigurationPlatforms) = postSolution
		{20197F05-6491-439E-B902-AE93621348E4}.Debug|Any CPU.ActiveCfg = Debug|Any CPU
		{20197F05-6491-439E-B902-AE93621348E4}.Debug|Any CPU.Build.0 = Debug|Any CPU
		{20197F05-6491-439E-B902-AE93621348E4}.Release|Any CPU.ActiveCfg = Release|Any CPU
		{20197F05-6491-439E-B902-AE93621348E4}.Release|Any CPU.Build.0 = Release|Any CPU
	EndGlobalSection
	GlobalSection(SolutionProperties) = preSolution
		HideSolutionNode = FALSE
	EndGlobalSection
	GlobalSection(ExtensibilityGlobals) = postSolution
		SolutionGuid = {1DFFE5B9-6796-404B-B5B4-5EB626DF1C1E}
	EndGlobalSection
EndGlobal
